
Microsoft Visual Studio Solution File, Format Version 11.00
# Visual Studio 2010
Project("{FAE04EC0-301F-11D3-BF4B-00C04F79EFBC}") = "SyrusSUITS", "Assembly-CSharp.csproj", "{405CE71E-420B-6A95-63E3-878CBB29D2D6}"
EndProject
Project("{FAE04EC0-301F-11D3-BF4B-00C04F79EFBC}") = "SyrusSUITS", "Assembly-CSharp-Editor.csproj", "{802F144C-28FE-761F-4E0C-FC6CA1D0A248}"
EndProject
Global
	GlobalSection(SolutionConfigurationPlatforms) = preSolution
		Debug|Any CPU = Debug|Any CPU
		Release|Any CPU = Release|Any CPU
	EndGlobalSection
	GlobalSection(ProjectConfigurationPlatforms) = postSolution
		{405CE71E-420B-6A95-63E3-878CBB29D2D6}.Debug|Any CPU.ActiveCfg = Debug|Any CPU
		{405CE71E-420B-6A95-63E3-878CBB29D2D6}.Debug|Any CPU.Build.0 = Debug|Any CPU
		{405CE71E-420B-6A95-63E3-878CBB29D2D6}.Release|Any CPU.ActiveCfg = Release|Any CPU
		{405CE71E-420B-6A95-63E3-878CBB29D2D6}.Release|Any CPU.Build.0 = Release|Any CPU
		{802F144C-28FE-761F-4E0C-FC6CA1D0A248}.Debug|Any CPU.ActiveCfg = Debug|Any CPU
		{802F144C-28FE-761F-4E0C-FC6CA1D0A248}.Debug|Any CPU.Build.0 = Debug|Any CPU
		{802F144C-28FE-761F-4E0C-FC6CA1D0A248}.Release|Any CPU.ActiveCfg = Release|Any CPU
		{802F144C-28FE-761F-4E0C-FC6CA1D0A248}.Release|Any CPU.Build.0 = Release|Any CPU
	EndGlobalSection
	GlobalSection(SolutionProperties) = preSolution
		HideSolutionNode = FALSE
	EndGlobalSection
	GlobalSection(MonoDevelopProperties) = preSolution
		StartupItem = Assembly-CSharp.csproj
	EndGlobalSection
EndGlobal
